
Microsoft Visual Studio Solution File, Format Version 12.00
# Visual Studio 15
VisualStudioVersion = 15.0.28010.2016
MinimumVisualStudioVersion = 10.0.40219.1
Project("{8BC9CEB8-8B4A-11D0-8D11-00A0C91BC942}") = "EulerProject", "EulerProject\EulerProject.vcxproj", "{BBDB7B13-0357-489C-8430-2D0A9C73BF2D}"
EndProject
Global
	GlobalSection(SolutionConfigurationPlatforms) = preSolution
		Debug|x64 = Debug|x64
		Debug|x86 = Debug|x86
		Release|x64 = Release|x64
		Release|x86 = Release|x86
	EndGlobalSection
	GlobalSection(ProjectConfigurationPlatforms) = postSolution
		{BBDB7B13-0357-489C-8430-2D0A9C73BF2D}.Debug|x64.ActiveCfg = Debug|x64
		{BBDB7B13-0357-489C-8430-2D0A9C73BF2D}.Debug|x64.Build.0 = Debug|x64
		{BBDB7B13-0357-489C-8430-2D0A9C73BF2D}.Debug|x86.ActiveCfg = Debug|Win32
		{BBDB7B13-0357-489C-8430-2D0A9C73BF2D}.Debug|x86.Build.0 = Debug|Win32
		{BBDB7B13-0357-489C-8430-2D0A9C73BF2D}.Release|x64.ActiveCfg = Release|x64
		{BBDB7B13-0357-489C-8430-2D0A9C73BF2D}.Release|x64.Build.0 = Release|x64
		{BBDB7B13-0357-489C-8430-2D0A9C73BF2D}.Release|x86.ActiveCfg = Release|Win32
		{BBDB7B13-0357-489C-8430-2D0A9C73BF2D}.Release|x86.Build.0 = Release|Win32
	EndGlobalSection
	GlobalSection(SolutionProperties) = preSolution
		HideSolutionNode = FALSE
	EndGlobalSection
	GlobalSection(ExtensibilityGlobals) = postSolution
		SolutionGuid = {A26C8D1E-DAF4-491B-B8BB-0F5AF8B8BE36}
	EndGlobalSection
EndGlobal
